
Microsoft Visual Studio Solution File, Format Version 12.00
# Visual Studio Version 17
VisualStudioVersion = 17.5.33530.505
MinimumVisualStudioVersion = 10.0.40219.1
Project("{FAE04EC0-301F-11D3-BF4B-00C04F79EFBC}") = "Client", "Client\Client.csproj", "{ABF22DC0-C6C5-4F6C-AA85-DA406DCABB94}"
EndProject
Project("{FAE04EC0-301F-11D3-BF4B-00C04F79EFBC}") = "Models", "Models\Models.csproj", "{A4D1B177-367D-4777-8D1E-137A40DE7991}"
EndProject
Project("{FAE04EC0-301F-11D3-BF4B-00C04F79EFBC}") = "Resources", "Resources\Resources.csproj", "{8B5EC504-DFE2-4785-9E62-FF0698D1A8B3}"
EndProject
Global
	GlobalSection(SolutionConfigurationPlatforms) = preSolution
		Debug|Any CPU = Debug|Any CPU
		Release|Any CPU = Release|Any CPU
	EndGlobalSection
	GlobalSection(ProjectConfigurationPlatforms) = postSolution
		{ABF22DC0-C6C5-4F6C-AA85-DA406DCABB94}.Debug|Any CPU.ActiveCfg = Debug|Any CPU
		{ABF22DC0-C6C5-4F6C-AA85-DA406DCABB94}.Debug|Any CPU.Build.0 = Debug|Any CPU
		{ABF22DC0-C6C5-4F6C-AA85-DA406DCABB94}.Release|Any CPU.ActiveCfg = Release|Any CPU
		{ABF22DC0-C6C5-4F6C-AA85-DA406DCABB94}.Release|Any CPU.Build.0 = Release|Any CPU
		{A4D1B177-367D-4777-8D1E-137A40DE7991}.Debug|Any CPU.ActiveCfg = Debug|Any CPU
		{A4D1B177-367D-4777-8D1E-137A40DE7991}.Debug|Any CPU.Build.0 = Debug|Any CPU
		{A4D1B177-367D-4777-8D1E-137A40DE7991}.Release|Any CPU.ActiveCfg = Release|Any CPU
		{A4D1B177-367D-4777-8D1E-137A40DE7991}.Release|Any CPU.Build.0 = Release|Any CPU
		{8B5EC504-DFE2-4785-9E62-FF0698D1A8B3}.Debug|Any CPU.ActiveCfg = Debug|Any CPU
		{8B5EC504-DFE2-4785-9E62-FF0698D1A8B3}.Debug|Any CPU.Build.0 = Debug|Any CPU
		{8B5EC504-DFE2-4785-9E62-FF0698D1A8B3}.Release|Any CPU.ActiveCfg = Release|Any CPU
		{8B5EC504-DFE2-4785-9E62-FF0698D1A8B3}.Release|Any CPU.Build.0 = Release|Any CPU
	EndGlobalSection
	GlobalSection(SolutionProperties) = preSolution
		HideSolutionNode = FALSE
	EndGlobalSection
	GlobalSection(ExtensibilityGlobals) = postSolution
		SolutionGuid = {B346F5B7-C2B1-4649-9FE3-7987B3957856}
	EndGlobalSection
EndGlobal
